
Microsoft Visual Studio Solution File, Format Version 12.00
# Visual Studio Version 16
VisualStudioVersion = 25.0.1704.1
MinimumVisualStudioVersion = 10.0.40219.1
Project("{FAE04EC0-301F-11D3-BF4B-00C04F79EFBC}") = "LibraryWebApp", "LibraryWebApp\LibraryWebApp.csproj", "{4CB22342-FB62-45AD-9110-B05A474DEE38}"
EndProject
Global
	GlobalSection(SolutionConfigurationPlatforms) = preSolution
		Debug|Any CPU = Debug|Any CPU
		Release|Any CPU = Release|Any CPU
	EndGlobalSection
	GlobalSection(ProjectConfigurationPlatforms) = postSolution
		{4CB22342-FB62-45AD-9110-B05A474DEE38}.Debug|Any CPU.ActiveCfg = Debug|Any CPU
		{4CB22342-FB62-45AD-9110-B05A474DEE38}.Debug|Any CPU.Build.0 = Debug|Any CPU
		{4CB22342-FB62-45AD-9110-B05A474DEE38}.Release|Any CPU.ActiveCfg = Release|Any CPU
		{4CB22342-FB62-45AD-9110-B05A474DEE38}.Release|Any CPU.Build.0 = Release|Any CPU
	EndGlobalSection
	GlobalSection(SolutionProperties) = preSolution
		HideSolutionNode = FALSE
	EndGlobalSection
	GlobalSection(ExtensibilityGlobals) = postSolution
		SolutionGuid = {CC594EC5-AF0E-45CD-A029-70462B5E9284}
	EndGlobalSection
EndGlobal
